
Microsoft Visual Studio Solution File, Format Version 12.00
# Visual Studio 15
VisualStudioVersion = 15.0.28010.2046
MinimumVisualStudioVersion = 10.0.40219.1
Project("{8BC9CEB8-8B4A-11D0-8D11-00A0C91BC942}") = "Projekt_Pac_Man", "Projekt_Pac_Man\Projekt_Pac_Man.vcxproj", "{A91582D2-3F75-4277-B1DF-98BA1C52F66A}"
EndProject
Global
	GlobalSection(SolutionConfigurationPlatforms) = preSolution
		Debug|x64 = Debug|x64
		Debug|x86 = Debug|x86
		Release|x64 = Release|x64
		Release|x86 = Release|x86
	EndGlobalSection
	GlobalSection(ProjectConfigurationPlatforms) = postSolution
		{A91582D2-3F75-4277-B1DF-98BA1C52F66A}.Debug|x64.ActiveCfg = Debug|x64
		{A91582D2-3F75-4277-B1DF-98BA1C52F66A}.Debug|x64.Build.0 = Debug|x64
		{A91582D2-3F75-4277-B1DF-98BA1C52F66A}.Debug|x86.ActiveCfg = Debug|Win32
		{A91582D2-3F75-4277-B1DF-98BA1C52F66A}.Debug|x86.Build.0 = Debug|Win32
		{A91582D2-3F75-4277-B1DF-98BA1C52F66A}.Release|x64.ActiveCfg = Release|x64
		{A91582D2-3F75-4277-B1DF-98BA1C52F66A}.Release|x64.Build.0 = Release|x64
		{A91582D2-3F75-4277-B1DF-98BA1C52F66A}.Release|x86.ActiveCfg = Release|Win32
		{A91582D2-3F75-4277-B1DF-98BA1C52F66A}.Release|x86.Build.0 = Release|Win32
	EndGlobalSection
	GlobalSection(SolutionProperties) = preSolution
		HideSolutionNode = FALSE
	EndGlobalSection
	GlobalSection(ExtensibilityGlobals) = postSolution
		SolutionGuid = {C8C1F701-657C-497B-B897-55BC8E01A2A9}
	EndGlobalSection
EndGlobal
